// !$*UTF8*$!
{
	archiveVersion = 1;
	classes = {
	};
	objectVersion = 56;
	objects = {

/* Begin PBXBuildFile section */
		6312B3BE2AF7C91700BCB516 /* ForgotPassword.swift in Sources */ = {isa = PBXBuildFile; fileRef = 6312B3BD2AF7C91700BCB516 /* ForgotPassword.swift */; };
		6312B3C02AF7CC4900BCB516 /* PasswordResetView.swift in Sources */ = {isa = PBXBuildFile; fileRef = 6312B3BF2AF7CC4900BCB516 /* PasswordResetView.swift */; };
		6312B3C22AF7CDE000BCB516 /* OTPView.swift in Sources */ = {isa = PBXBuildFile; fileRef = 6312B3C12AF7CDE000BCB516 /* OTPView.swift */; };
		6312B3C42AF7CEF900BCB516 /* OTPVerificationView.swift in Sources */ = {isa = PBXBuildFile; fileRef = 6312B3C32AF7CEF900BCB516 /* OTPVerificationView.swift */; };
		6312B3C92AF9095900BCB516 /* Expense.swift in Sources */ = {isa = PBXBuildFile; fileRef = 6312B3C82AF9095900BCB516 /* Expense.swift */; };
		6312B3CD2AF90AC500BCB516 /* Home.swift in Sources */ = {isa = PBXBuildFile; fileRef = 6312B3CC2AF90AC500BCB516 /* Home.swift */; };
		6312B3CF2AF90ADF00BCB516 /* ContentView2.swift in Sources */ = {isa = PBXBuildFile; fileRef = 6312B3CE2AF90ADF00BCB516 /* ContentView2.swift */; };
		6312B3D12AF90DE000BCB516 /* Card.swift in Sources */ = {isa = PBXBuildFile; fileRef = 6312B3D02AF90DE000BCB516 /* Card.swift */; };
		631E93202B269BB500130B48 /* CustomNavBar.swift in Sources */ = {isa = PBXBuildFile; fileRef = 631E931F2B269BB500130B48 /* CustomNavBar.swift */; };
		631E93222B26A57600130B48 /* VanDarView.swift in Sources */ = {isa = PBXBuildFile; fileRef = 631E93212B26A57600130B48 /* VanDarView.swift */; };
		631E93242B26A5A600130B48 /* CardView.swift in Sources */ = {isa = PBXBuildFile; fileRef = 631E93232B26A5A600130B48 /* CardView.swift */; };
		633FDFB52B28895C008418C4 /* DLMode.swift in Sources */ = {isa = PBXBuildFile; fileRef = 633FDFB42B28895C008418C4 /* DLMode.swift */; };
		633FDFB72B28996B008418C4 /* ButtonView.swift in Sources */ = {isa = PBXBuildFile; fileRef = 633FDFB62B28996B008418C4 /* ButtonView.swift */; };
		637D3F892B3151B700640143 /* BadgeBackground.swift in Sources */ = {isa = PBXBuildFile; fileRef = 637D3F882B3151B700640143 /* BadgeBackground.swift */; };
		637D3F8B2B3151DE00640143 /* HexagonParameters.swift in Sources */ = {isa = PBXBuildFile; fileRef = 637D3F8A2B3151DE00640143 /* HexagonParameters.swift */; };
		637D3F8D2B3152E300640143 /* BadgeSymbol.swift in Sources */ = {isa = PBXBuildFile; fileRef = 637D3F8C2B3152E300640143 /* BadgeSymbol.swift */; };
		637D3F8F2B31531400640143 /* RotatedBadgeSymbol.swift in Sources */ = {isa = PBXBuildFile; fileRef = 637D3F8E2B31531400640143 /* RotatedBadgeSymbol.swift */; };
		637D3F912B31532F00640143 /* Badge.swift in Sources */ = {isa = PBXBuildFile; fileRef = 637D3F902B31532F00640143 /* Badge.swift */; };
		637D3FC22B36D5B000640143 /* ThemeChangeView.swift in Sources */ = {isa = PBXBuildFile; fileRef = 637D3FC12B36D5B000640143 /* ThemeChangeView.swift */; };
		637D3FC52B36DA4700640143 /* ThemeView.swift in Sources */ = {isa = PBXBuildFile; fileRef = 637D3FC42B36DA4700640143 /* ThemeView.swift */; };
		6385A2F72B3AF8DE00E41403 /* TransparentBlur.swift in Sources */ = {isa = PBXBuildFile; fileRef = 6385A2F62B3AF8DE00E41403 /* TransparentBlur.swift */; };
		6385A2F92B3AF93000E41403 /* Glassmorphism.swift in Sources */ = {isa = PBXBuildFile; fileRef = 6385A2F82B3AF93000E41403 /* Glassmorphism.swift */; };
		6385A3032B3C652E00E41403 /* Clock.swift in Sources */ = {isa = PBXBuildFile; fileRef = 6385A3022B3C652E00E41403 /* Clock.swift */; };
		6385A3052B3C653D00E41403 /* FlipClockNumberView.swift in Sources */ = {isa = PBXBuildFile; fileRef = 6385A3042B3C653D00E41403 /* FlipClockNumberView.swift */; };
		6389C3AE2B052086001C156F /* ContentView3.swift in Sources */ = {isa = PBXBuildFile; fileRef = 6389C3AD2B052086001C156F /* ContentView3.swift */; };
		6389C3B52B052268001C156F /* Reel.swift in Sources */ = {isa = PBXBuildFile; fileRef = 6389C3B42B052268001C156F /* Reel.swift */; };
		6389C3B72B05240B001C156F /* Like.swift in Sources */ = {isa = PBXBuildFile; fileRef = 6389C3B62B05240B001C156F /* Like.swift */; };
		6389C3B92B052466001C156F /* Main.swift in Sources */ = {isa = PBXBuildFile; fileRef = 6389C3B82B052466001C156F /* Main.swift */; };
		6389C3BB2B0527F9001C156F /* ReelView.swift in Sources */ = {isa = PBXBuildFile; fileRef = 6389C3BA2B0527F9001C156F /* ReelView.swift */; };
		6389C3BD2B05284D001C156F /* CustomVideoPlayer.swift in Sources */ = {isa = PBXBuildFile; fileRef = 6389C3BC2B05284D001C156F /* CustomVideoPlayer.swift */; };
		6389C3F32B053373001C156F /* Reel 2.mp4 in Resources */ = {isa = PBXBuildFile; fileRef = 6389C3EF2B053370001C156F /* Reel 2.mp4 */; };
		6389C3F42B053373001C156F /* Reel 3.mp4 in Resources */ = {isa = PBXBuildFile; fileRef = 6389C3F02B053371001C156F /* Reel 3.mp4 */; };
		6389C3F52B053373001C156F /* Reel 5.mp4 in Resources */ = {isa = PBXBuildFile; fileRef = 6389C3F12B053372001C156F /* Reel 5.mp4 */; };
		6389C3F62B053373001C156F /* Reel 4.mp4 in Resources */ = {isa = PBXBuildFile; fileRef = 6389C3F22B053373001C156F /* Reel 4.mp4 */; };
		6389C3FA2B053432001C156F /* Reel 1.mp4 in Resources */ = {isa = PBXBuildFile; fileRef = 6389C3F92B053432001C156F /* Reel 1.mp4 */; };
		6389C3FD2B05422B001C156F /* OffsetKey.swift in Sources */ = {isa = PBXBuildFile; fileRef = 6389C3FC2B05422B001C156F /* OffsetKey.swift */; };
		6389C3FF2B05A02B001C156F /* Reel 6.mp4 in Resources */ = {isa = PBXBuildFile; fileRef = 6389C3FE2B05A02B001C156F /* Reel 6.mp4 */; };
		638C45D22AF7C459003E312C /* ComponentsApp.swift in Sources */ = {isa = PBXBuildFile; fileRef = 638C45D12AF7C459003E312C /* ComponentsApp.swift */; };
		638C45D62AF7C45B003E312C /* Assets.xcassets in Resources */ = {isa = PBXBuildFile; fileRef = 638C45D52AF7C45B003E312C /* Assets.xcassets */; };
		638C45D92AF7C45B003E312C /* Preview Assets.xcassets in Resources */ = {isa = PBXBuildFile; fileRef = 638C45D82AF7C45B003E312C /* Preview Assets.xcassets */; };
		638C45E92AF7C4B0003E312C /* CustomTF.swift in Sources */ = {isa = PBXBuildFile; fileRef = 638C45E52AF7C4B0003E312C /* CustomTF.swift */; };
		638C45EA2AF7C4B0003E312C /* GradientButton.swift in Sources */ = {isa = PBXBuildFile; fileRef = 638C45E62AF7C4B0003E312C /* GradientButton.swift */; };
		638C45EB2AF7C4B0003E312C /* Login.swift in Sources */ = {isa = PBXBuildFile; fileRef = 638C45E72AF7C4B0003E312C /* Login.swift */; };
		638C45EC2AF7C4B0003E312C /* Signup.swift in Sources */ = {isa = PBXBuildFile; fileRef = 638C45E82AF7C4B0003E312C /* Signup.swift */; };
		638C45EE2AF7C4BA003E312C /* View+Extensions.swift in Sources */ = {isa = PBXBuildFile; fileRef = 638C45ED2AF7C4BA003E312C /* View+Extensions.swift */; };
		638C45F62AF7C4D6003E312C /* SideView.swift in Sources */ = {isa = PBXBuildFile; fileRef = 638C45F12AF7C4D6003E312C /* SideView.swift */; };
		638C45F72AF7C4D6003E312C /* ContentView1.swift in Sources */ = {isa = PBXBuildFile; fileRef = 638C45F22AF7C4D6003E312C /* ContentView1.swift */; };
		638C45F82AF7C4D6003E312C /* CustomCorners.swift in Sources */ = {isa = PBXBuildFile; fileRef = 638C45F32AF7C4D6003E312C /* CustomCorners.swift */; };
		638C45F92AF7C4D6003E312C /* HomeView.swift in Sources */ = {isa = PBXBuildFile; fileRef = 638C45F42AF7C4D6003E312C /* HomeView.swift */; };
		638C45FA2AF7C4D6003E312C /* TapButton.swift in Sources */ = {isa = PBXBuildFile; fileRef = 638C45F52AF7C4D6003E312C /* TapButton.swift */; };
		638C45FC2AF7C519003E312C /* ContentView.swift in Sources */ = {isa = PBXBuildFile; fileRef = 638C45FB2AF7C519003E312C /* ContentView.swift */; };
		63D277482B3E930C0064A7F1 /* TextEffect.swift in Sources */ = {isa = PBXBuildFile; fileRef = 63D277472B3E930C0064A7F1 /* TextEffect.swift */; };
		63D277822B403CB60064A7F1 /* StarShowerView.swift in Sources */ = {isa = PBXBuildFile; fileRef = 63D277812B403CB60064A7F1 /* StarShowerView.swift */; };
/* End PBXBuildFile section */

/* Begin PBXFileReference section */
		6312B3BD2AF7C91700BCB516 /* ForgotPassword.swift */ = {isa = PBXFileReference; lastKnownFileType = sourcecode.swift; path = ForgotPassword.swift; sourceTree = "<group>"; };
		6312B3BF2AF7CC4900BCB516 /* PasswordResetView.swift */ = {isa = PBXFileReference; lastKnownFileType = sourcecode.swift; path = PasswordResetView.swift; sourceTree = "<group>"; };
		6312B3C12AF7CDE000BCB516 /* OTPView.swift */ = {isa = PBXFileReference; lastKnownFileType = sourcecode.swift; path = OTPView.swift; sourceTree = "<group>"; };
		6312B3C32AF7CEF900BCB516 /* OTPVerificationView.swift */ = {isa = PBXFileReference; lastKnownFileType = sourcecode.swift; path = OTPVerificationView.swift; sourceTree = "<group>"; };
		6312B3C82AF9095900BCB516 /* Expense.swift */ = {isa = PBXFileReference; lastKnownFileType = sourcecode.swift; path = Expense.swift; sourceTree = "<group>"; };
		6312B3CC2AF90AC500BCB516 /* Home.swift */ = {isa = PBXFileReference; lastKnownFileType = sourcecode.swift; path = Home.swift; sourceTree = "<group>"; };
		6312B3CE2AF90ADF00BCB516 /* ContentView2.swift */ = {isa = PBXFileReference; lastKnownFileType = sourcecode.swift; path = ContentView2.swift; sourceTree = "<group>"; };
		6312B3D02AF90DE000BCB516 /* Card.swift */ = {isa = PBXFileReference; lastKnownFileType = sourcecode.swift; path = Card.swift; sourceTree = "<group>"; };
		631E931F2B269BB500130B48 /* CustomNavBar.swift */ = {isa = PBXFileReference; lastKnownFileType = sourcecode.swift; path = CustomNavBar.swift; sourceTree = "<group>"; };
		631E93212B26A57600130B48 /* VanDarView.swift */ = {isa = PBXFileReference; lastKnownFileType = sourcecode.swift; path = VanDarView.swift; sourceTree = "<group>"; };
		631E93232B26A5A600130B48 /* CardView.swift */ = {isa = PBXFileReference; lastKnownFileType = sourcecode.swift; path = CardView.swift; sourceTree = "<group>"; };
		633FDFB42B28895C008418C4 /* DLMode.swift */ = {isa = PBXFileReference; lastKnownFileType = sourcecode.swift; path = DLMode.swift; sourceTree = "<group>"; };
		633FDFB62B28996B008418C4 /* ButtonView.swift */ = {isa = PBXFileReference; lastKnownFileType = sourcecode.swift; path = ButtonView.swift; sourceTree = "<group>"; };
		637D3F882B3151B700640143 /* BadgeBackground.swift */ = {isa = PBXFileReference; lastKnownFileType = sourcecode.swift; path = BadgeBackground.swift; sourceTree = "<group>"; };
		637D3F8A2B3151DE00640143 /* HexagonParameters.swift */ = {isa = PBXFileReference; lastKnownFileType = sourcecode.swift; path = HexagonParameters.swift; sourceTree = "<group>"; };
		637D3F8C2B3152E300640143 /* BadgeSymbol.swift */ = {isa = PBXFileReference; lastKnownFileType = sourcecode.swift; path = BadgeSymbol.swift; sourceTree = "<group>"; };
		637D3F8E2B31531400640143 /* RotatedBadgeSymbol.swift */ = {isa = PBXFileReference; lastKnownFileType = sourcecode.swift; path = RotatedBadgeSymbol.swift; sourceTree = "<group>"; };
		637D3F902B31532F00640143 /* Badge.swift */ = {isa = PBXFileReference; lastKnownFileType = sourcecode.swift; path = Badge.swift; sourceTree = "<group>"; };
		637D3FC12B36D5B000640143 /* ThemeChangeView.swift */ = {isa = PBXFileReference; lastKnownFileType = sourcecode.swift; path = ThemeChangeView.swift; sourceTree = "<group>"; };
		637D3FC42B36DA4700640143 /* ThemeView.swift */ = {isa = PBXFileReference; lastKnownFileType = sourcecode.swift; path = ThemeView.swift; sourceTree = "<group>"; };
		6385A2F62B3AF8DE00E41403 /* TransparentBlur.swift */ = {isa = PBXFileReference; lastKnownFileType = sourcecode.swift; path = TransparentBlur.swift; sourceTree = "<group>"; };
		6385A2F82B3AF93000E41403 /* Glassmorphism.swift */ = {isa = PBXFileReference; lastKnownFileType = sourcecode.swift; path = Glassmorphism.swift; sourceTree = "<group>"; };
		6385A3022B3C652E00E41403 /* Clock.swift */ = {isa = PBXFileReference; lastKnownFileType = sourcecode.swift; path = Clock.swift; sourceTree = "<group>"; };
		6385A3042B3C653D00E41403 /* FlipClockNumberView.swift */ = {isa = PBXFileReference; lastKnownFileType = sourcecode.swift; path = FlipClockNumberView.swift; sourceTree = "<group>"; };
		6389C3AD2B052086001C156F /* ContentView3.swift */ = {isa = PBXFileReference; lastKnownFileType = sourcecode.swift; path = ContentView3.swift; sourceTree = "<group>"; };
		6389C3B42B052268001C156F /* Reel.swift */ = {isa = PBXFileReference; lastKnownFileType = sourcecode.swift; path = Reel.swift; sourceTree = "<group>"; };
		6389C3B62B05240B001C156F /* Like.swift */ = {isa = PBXFileReference; lastKnownFileType = sourcecode.swift; path = Like.swift; sourceTree = "<group>"; };
		6389C3B82B052466001C156F /* Main.swift */ = {isa = PBXFileReference; lastKnownFileType = sourcecode.swift; path = Main.swift; sourceTree = "<group>"; };
		6389C3BA2B0527F9001C156F /* ReelView.swift */ = {isa = PBXFileReference; lastKnownFileType = sourcecode.swift; path = ReelView.swift; sourceTree = "<group>"; };
		6389C3BC2B05284D001C156F /* CustomVideoPlayer.swift */ = {isa = PBXFileReference; lastKnownFileType = sourcecode.swift; path = CustomVideoPlayer.swift; sourceTree = "<group>"; };
		6389C3EF2B053370001C156F /* Reel 2.mp4 */ = {isa = PBXFileReference; lastKnownFileType = file; path = "Reel 2.mp4"; sourceTree = "<group>"; };
		6389C3F02B053371001C156F /* Reel 3.mp4 */ = {isa = PBXFileReference; lastKnownFileType = file; path = "Reel 3.mp4"; sourceTree = "<group>"; };
		6389C3F12B053372001C156F /* Reel 5.mp4 */ = {isa = PBXFileReference; lastKnownFileType = file; path = "Reel 5.mp4"; sourceTree = "<group>"; };
		6389C3F22B053373001C156F /* Reel 4.mp4 */ = {isa = PBXFileReference; lastKnownFileType = file; path = "Reel 4.mp4"; sourceTree = "<group>"; };
		6389C3F92B053432001C156F /* Reel 1.mp4 */ = {isa = PBXFileReference; lastKnownFileType = file; path = "Reel 1.mp4"; sourceTree = "<group>"; };
		6389C3FC2B05422B001C156F /* OffsetKey.swift */ = {isa = PBXFileReference; lastKnownFileType = sourcecode.swift; path = OffsetKey.swift; sourceTree = "<group>"; };
		6389C3FE2B05A02B001C156F /* Reel 6.mp4 */ = {isa = PBXFileReference; lastKnownFileType = file; path = "Reel 6.mp4"; sourceTree = "<group>"; };
		638C45CE2AF7C459003E312C /* Components.app */ = {isa = PBXFileReference; explicitFileType = wrapper.application; includeInIndex = 0; path = Components.app; sourceTree = BUILT_PRODUCTS_DIR; };
		638C45D12AF7C459003E312C /* ComponentsApp.swift */ = {isa = PBXFileReference; lastKnownFileType = sourcecode.swift; path = ComponentsApp.swift; sourceTree = "<group>"; };
		638C45D52AF7C45B003E312C /* Assets.xcassets */ = {isa = PBXFileReference; lastKnownFileType = folder.assetcatalog; path = Assets.xcassets; sourceTree = "<group>"; };
		638C45D82AF7C45B003E312C /* Preview Assets.xcassets */ = {isa = PBXFileReference; lastKnownFileType = folder.assetcatalog; path = "Preview Assets.xcassets"; sourceTree = "<group>"; };
		638C45E52AF7C4B0003E312C /* CustomTF.swift */ = {isa = PBXFileReference; fileEncoding = 4; lastKnownFileType = sourcecode.swift; path = CustomTF.swift; sourceTree = "<group>"; };
		638C45E62AF7C4B0003E312C /* GradientButton.swift */ = {isa = PBXFileReference; fileEncoding = 4; lastKnownFileType = sourcecode.swift; path = GradientButton.swift; sourceTree = "<group>"; };
		638C45E72AF7C4B0003E312C /* Login.swift */ = {isa = PBXFileReference; fileEncoding = 4; lastKnownFileType = sourcecode.swift; path = Login.swift; sourceTree = "<group>"; };
		638C45E82AF7C4B0003E312C /* Signup.swift */ = {isa = PBXFileReference; fileEncoding = 4; lastKnownFileType = sourcecode.swift; path = Signup.swift; sourceTree = "<group>"; };
		638C45ED2AF7C4BA003E312C /* View+Extensions.swift */ = {isa = PBXFileReference; fileEncoding = 4; lastKnownFileType = sourcecode.swift; path = "View+Extensions.swift"; sourceTree = "<group>"; };
		638C45F12AF7C4D6003E312C /* SideView.swift */ = {isa = PBXFileReference; fileEncoding = 4; lastKnownFileType = sourcecode.swift; path = SideView.swift; sourceTree = "<group>"; };
		638C45F22AF7C4D6003E312C /* ContentView1.swift */ = {isa = PBXFileReference; fileEncoding = 4; lastKnownFileType = sourcecode.swift; path = ContentView1.swift; sourceTree = "<group>"; };
		638C45F32AF7C4D6003E312C /* CustomCorners.swift */ = {isa = PBXFileReference; fileEncoding = 4; lastKnownFileType = sourcecode.swift; path = CustomCorners.swift; sourceTree = "<group>"; };
		638C45F42AF7C4D6003E312C /* HomeView.swift */ = {isa = PBXFileReference; fileEncoding = 4; lastKnownFileType = sourcecode.swift; path = HomeView.swift; sourceTree = "<group>"; };
		638C45F52AF7C4D6003E312C /* TapButton.swift */ = {isa = PBXFileReference; fileEncoding = 4; lastKnownFileType = sourcecode.swift; path = TapButton.swift; sourceTree = "<group>"; };
		638C45FB2AF7C519003E312C /* ContentView.swift */ = {isa = PBXFileReference; fileEncoding = 4; lastKnownFileType = sourcecode.swift; path = ContentView.swift; sourceTree = "<group>"; };
		63D277472B3E930C0064A7F1 /* TextEffect.swift */ = {isa = PBXFileReference; lastKnownFileType = sourcecode.swift; path = TextEffect.swift; sourceTree = "<group>"; };
		63D277812B403CB60064A7F1 /* StarShowerView.swift */ = {isa = PBXFileReference; lastKnownFileType = sourcecode.swift; path = StarShowerView.swift; sourceTree = "<group>"; };
/* End PBXFileReference section */

/* Begin PBXFrameworksBuildPhase section */
		638C45CB2AF7C459003E312C /* Frameworks */ = {
			isa = PBXFrameworksBuildPhase;
			buildActionMask = 2147483647;
			files = (
			);
			runOnlyForDeploymentPostprocessing = 0;
		};
/* End PBXFrameworksBuildPhase section */

/* Begin PBXGroup section */
		6312B3C52AF9092C00BCB516 /* CardScroll */ = {
			isa = PBXGroup;
			children = (
				6312B3CA2AF90AA300BCB516 /* View */,
				6312B3CB2AF90AA900BCB516 /* Model */,
			);
			path = CardScroll;
			sourceTree = "<group>";
		};
		6312B3CA2AF90AA300BCB516 /* View */ = {
			isa = PBXGroup;
			children = (
				6312B3CC2AF90AC500BCB516 /* Home.swift */,
				6312B3CE2AF90ADF00BCB516 /* ContentView2.swift */,
			);
			path = View;
			sourceTree = "<group>";
		};
		6312B3CB2AF90AA900BCB516 /* Model */ = {
			isa = PBXGroup;
			children = (
				6312B3C82AF9095900BCB516 /* Expense.swift */,
				6312B3D02AF90DE000BCB516 /* Card.swift */,
			);
			path = Model;
			sourceTree = "<group>";
		};
		631E931E2B269BA400130B48 /* CustomNavBar */ = {
			isa = PBXGroup;
			children = (
				631E931F2B269BB500130B48 /* CustomNavBar.swift */,
				631E93212B26A57600130B48 /* VanDarView.swift */,
				631E93232B26A5A600130B48 /* CardView.swift */,
			);
			path = CustomNavBar;
			sourceTree = "<group>";
		};
		633FDFB32B2887E8008418C4 /* DarkLightMode */ = {
			isa = PBXGroup;
			children = (
				633FDFB62B28996B008418C4 /* ButtonView.swift */,
				633FDFB42B28895C008418C4 /* DLMode.swift */,
			);
			path = DarkLightMode;
			sourceTree = "<group>";
		};
		637D3F872B3151A200640143 /* Badge */ = {
			isa = PBXGroup;
			children = (
				637D3F882B3151B700640143 /* BadgeBackground.swift */,
				637D3F8C2B3152E300640143 /* BadgeSymbol.swift */,
				637D3F8E2B31531400640143 /* RotatedBadgeSymbol.swift */,
				637D3F8A2B3151DE00640143 /* HexagonParameters.swift */,
				637D3F902B31532F00640143 /* Badge.swift */,
			);
			path = Badge;
			sourceTree = "<group>";
		};
		637D3FC02B36D53F00640143 /* ThemeChanger */ = {
			isa = PBXGroup;
			children = (
				637D3FC32B36D5BA00640143 /* Helpers */,
			);
			path = ThemeChanger;
			sourceTree = "<group>";
		};
		637D3FC32B36D5BA00640143 /* Helpers */ = {
			isa = PBXGroup;
			children = (
				637D3FC12B36D5B000640143 /* ThemeChangeView.swift */,
				637D3FC42B36DA4700640143 /* ThemeView.swift */,
			);
			path = Helpers;
			sourceTree = "<group>";
		};
		6385A2F52B3AF8C000E41403 /* Glassmorphism */ = {
			isa = PBXGroup;
			children = (
				6385A2F62B3AF8DE00E41403 /* TransparentBlur.swift */,
				6385A2F82B3AF93000E41403 /* Glassmorphism.swift */,
			);
			path = Glassmorphism;
			sourceTree = "<group>";
		};
		6385A3012B3C651700E41403 /* RealTimeClock */ = {
			isa = PBXGroup;
			children = (
				6385A3022B3C652E00E41403 /* Clock.swift */,
				6385A3042B3C653D00E41403 /* FlipClockNumberView.swift */,
			);
			path = RealTimeClock;
			sourceTree = "<group>";
		};
		6389C3AA2B052052001C156F /* ReelsLayout */ = {
			isa = PBXGroup;
			children = (
				6389C3EF2B053370001C156F /* Reel 2.mp4 */,
				6389C3F02B053371001C156F /* Reel 3.mp4 */,
				6389C3F22B053373001C156F /* Reel 4.mp4 */,
				6389C3F92B053432001C156F /* Reel 1.mp4 */,
				6389C3F12B053372001C156F /* Reel 5.mp4 */,
				6389C3FE2B05A02B001C156F /* Reel 6.mp4 */,
				6389C3FB2B054205001C156F /* Keys */,
				6389C3AB2B052067001C156F /* View */,
				6389C3AC2B05206B001C156F /* Model */,
			);
			path = ReelsLayout;
			sourceTree = "<group>";
		};
		6389C3AB2B052067001C156F /* View */ = {
			isa = PBXGroup;
			children = (
				6389C3AD2B052086001C156F /* ContentView3.swift */,
				6389C3B82B052466001C156F /* Main.swift */,
				6389C3BA2B0527F9001C156F /* ReelView.swift */,
				6389C3BC2B05284D001C156F /* CustomVideoPlayer.swift */,
			);
			path = View;
			sourceTree = "<group>";
		};
		6389C3AC2B05206B001C156F /* Model */ = {
			isa = PBXGroup;
			children = (
				6389C3B42B052268001C156F /* Reel.swift */,
				6389C3B62B05240B001C156F /* Like.swift */,
			);
			path = Model;
			sourceTree = "<group>";
		};
		6389C3FB2B054205001C156F /* Keys */ = {
			isa = PBXGroup;
			children = (
				6389C3FC2B05422B001C156F /* OffsetKey.swift */,
			);
			path = Keys;
			sourceTree = "<group>";
		};
		638C45C52AF7C459003E312C = {
			isa = PBXGroup;
			children = (
				638C45D02AF7C459003E312C /* Components */,
				638C45CF2AF7C459003E312C /* Products */,
			);
			sourceTree = "<group>";
		};
		638C45CF2AF7C459003E312C /* Products */ = {
			isa = PBXGroup;
			children = (
				638C45CE2AF7C459003E312C /* Components.app */,
			);
			name = Products;
			sourceTree = "<group>";
		};
		638C45D02AF7C459003E312C /* Components */ = {
			isa = PBXGroup;
			children = (
				63D277802B403CA40064A7F1 /* StarShower */,
				63D277462B3E92DF0064A7F1 /* TextEffect */,
				6385A3012B3C651700E41403 /* RealTimeClock */,
				6385A2F52B3AF8C000E41403 /* Glassmorphism */,
				637D3F872B3151A200640143 /* Badge */,
				637D3FC02B36D53F00640143 /* ThemeChanger */,
				633FDFB32B2887E8008418C4 /* DarkLightMode */,
				631E931E2B269BA400130B48 /* CustomNavBar */,
				6389C3AA2B052052001C156F /* ReelsLayout */,
				6312B3C52AF9092C00BCB516 /* CardScroll */,
				638C45E42AF7C495003E312C /* SliderView */,
				638C45E12AF7C47D003E312C /* LoginKit */,
				638C45D12AF7C459003E312C /* ComponentsApp.swift */,
				638C45D52AF7C45B003E312C /* Assets.xcassets */,
				638C45D72AF7C45B003E312C /* Preview Content */,
			);
			path = Components;
			sourceTree = "<group>";
		};
		638C45D72AF7C45B003E312C /* Preview Content */ = {
			isa = PBXGroup;
			children = (
				638C45D82AF7C45B003E312C /* Preview Assets.xcassets */,
			);
			path = "Preview Content";
			sourceTree = "<group>";
		};
		638C45E12AF7C47D003E312C /* LoginKit */ = {
			isa = PBXGroup;
			children = (
				638C45E32AF7C48D003E312C /* Helpers */,
				638C45E22AF7C485003E312C /* View */,
			);
			path = LoginKit;
			sourceTree = "<group>";
		};
		638C45E22AF7C485003E312C /* View */ = {
			isa = PBXGroup;
			children = (
				638C45E52AF7C4B0003E312C /* CustomTF.swift */,
				638C45E62AF7C4B0003E312C /* GradientButton.swift */,
				638C45E72AF7C4B0003E312C /* Login.swift */,
				6312B3C12AF7CDE000BCB516 /* OTPView.swift */,
				6312B3C32AF7CEF900BCB516 /* OTPVerificationView.swift */,
				638C45E82AF7C4B0003E312C /* Signup.swift */,
				6312B3BD2AF7C91700BCB516 /* ForgotPassword.swift */,
				6312B3BF2AF7CC4900BCB516 /* PasswordResetView.swift */,
				638C45FB2AF7C519003E312C /* ContentView.swift */,
			);
			path = View;
			sourceTree = "<group>";
		};
		638C45E32AF7C48D003E312C /* Helpers */ = {
			isa = PBXGroup;
			children = (
				638C45ED2AF7C4BA003E312C /* View+Extensions.swift */,
			);
			path = Helpers;
			sourceTree = "<group>";
		};
		638C45E42AF7C495003E312C /* SliderView */ = {
			isa = PBXGroup;
			children = (
				638C45F22AF7C4D6003E312C /* ContentView1.swift */,
				638C45F32AF7C4D6003E312C /* CustomCorners.swift */,
				638C45F42AF7C4D6003E312C /* HomeView.swift */,
				638C45F12AF7C4D6003E312C /* SideView.swift */,
				638C45F52AF7C4D6003E312C /* TapButton.swift */,
			);
			path = SliderView;
			sourceTree = "<group>";
		};
		63D277462B3E92DF0064A7F1 /* TextEffect */ = {
			isa = PBXGroup;
			children = (
				63D277472B3E930C0064A7F1 /* TextEffect.swift */,
			);
			path = TextEffect;
			sourceTree = "<group>";
		};
		63D277802B403CA40064A7F1 /* StarShower */ = {
			isa = PBXGroup;
			children = (
				63D277812B403CB60064A7F1 /* StarShowerView.swift */,
			);
			path = StarShower;
			sourceTree = "<group>";
		};
/* End PBXGroup section */

/* Begin PBXNativeTarget section */
		638C45CD2AF7C459003E312C /* Components */ = {
			isa = PBXNativeTarget;
			buildConfigurationList = 638C45DC2AF7C45B003E312C /* Build configuration list for PBXNativeTarget "Components" */;
			buildPhases = (
				638C45CA2AF7C459003E312C /* Sources */,
				638C45CB2AF7C459003E312C /* Frameworks */,
				638C45CC2AF7C459003E312C /* Resources */,
			);
			buildRules = (
			);
			dependencies = (
			);
			name = Components;
			productName = Components;
			productReference = 638C45CE2AF7C459003E312C /* Components.app */;
			productType = "com.apple.product-type.application";
		};
/* End PBXNativeTarget section */

/* Begin PBXProject section */
		638C45C62AF7C459003E312C /* Project object */ = {
			isa = PBXProject;
			attributes = {
				BuildIndependentTargetsInParallel = 1;
				LastSwiftUpdateCheck = 1500;
				LastUpgradeCheck = 1500;
				TargetAttributes = {
					638C45CD2AF7C459003E312C = {
						CreatedOnToolsVersion = 15.0.1;
					};
				};
			};
			buildConfigurationList = 638C45C92AF7C459003E312C /* Build configuration list for PBXProject "Components" */;
			compatibilityVersion = "Xcode 14.0";
			developmentRegion = en;
			hasScannedForEncodings = 0;
			knownRegions = (
				en,
				Base,
			);
			mainGroup = 638C45C52AF7C459003E312C;
			productRefGroup = 638C45CF2AF7C459003E312C /* Products */;
			projectDirPath = "";
			projectRoot = "";
			targets = (
				638C45CD2AF7C459003E312C /* Components */,
			);
		};
/* End PBXProject section */

/* Begin PBXResourcesBuildPhase section */
		638C45CC2AF7C459003E312C /* Resources */ = {
			isa = PBXResourcesBuildPhase;
			buildActionMask = 2147483647;
			files = (
				6389C3F42B053373001C156F /* Reel 3.mp4 in Resources */,
				638C45D92AF7C45B003E312C /* Preview Assets.xcassets in Resources */,
				6389C3FF2B05A02B001C156F /* Reel 6.mp4 in Resources */,
				6389C3FA2B053432001C156F /* Reel 1.mp4 in Resources */,
				6389C3F32B053373001C156F /* Reel 2.mp4 in Resources */,
				6389C3F52B053373001C156F /* Reel 5.mp4 in Resources */,
				638C45D62AF7C45B003E312C /* Assets.xcassets in Resources */,
				6389C3F62B053373001C156F /* Reel 4.mp4 in Resources */,
			);
			runOnlyForDeploymentPostprocessing = 0;
		};
/* End PBXResourcesBuildPhase section */

/* Begin PBXSourcesBuildPhase section */
		638C45CA2AF7C459003E312C /* Sources */ = {
			isa = PBXSourcesBuildPhase;
			buildActionMask = 2147483647;
			files = (
				6312B3CF2AF90ADF00BCB516 /* ContentView2.swift in Sources */,
				638C45E92AF7C4B0003E312C /* CustomTF.swift in Sources */,
				633FDFB72B28996B008418C4 /* ButtonView.swift in Sources */,
				638C45F82AF7C4D6003E312C /* CustomCorners.swift in Sources */,
				637D3F8B2B3151DE00640143 /* HexagonParameters.swift in Sources */,
				638C45FC2AF7C519003E312C /* ContentView.swift in Sources */,
				631E93242B26A5A600130B48 /* CardView.swift in Sources */,
				638C45FA2AF7C4D6003E312C /* TapButton.swift in Sources */,
				6385A2F92B3AF93000E41403 /* Glassmorphism.swift in Sources */,
				6312B3CD2AF90AC500BCB516 /* Home.swift in Sources */,
				631E93202B269BB500130B48 /* CustomNavBar.swift in Sources */,
				6385A3052B3C653D00E41403 /* FlipClockNumberView.swift in Sources */,
				631E93222B26A57600130B48 /* VanDarView.swift in Sources */,
				637D3F8F2B31531400640143 /* RotatedBadgeSymbol.swift in Sources */,
				638C45EC2AF7C4B0003E312C /* Signup.swift in Sources */,
				6312B3D12AF90DE000BCB516 /* Card.swift in Sources */,
				6312B3C42AF7CEF900BCB516 /* OTPVerificationView.swift in Sources */,
				6385A2F72B3AF8DE00E41403 /* TransparentBlur.swift in Sources */,
				6389C3BD2B05284D001C156F /* CustomVideoPlayer.swift in Sources */,
				637D3FC52B36DA4700640143 /* ThemeView.swift in Sources */,
				6389C3AE2B052086001C156F /* ContentView3.swift in Sources */,
				63D277822B403CB60064A7F1 /* StarShowerView.swift in Sources */,
				63D277482B3E930C0064A7F1 /* TextEffect.swift in Sources */,
				638C45F92AF7C4D6003E312C /* HomeView.swift in Sources */,
				638C45F62AF7C4D6003E312C /* SideView.swift in Sources */,
				633FDFB52B28895C008418C4 /* DLMode.swift in Sources */,
				638C45EA2AF7C4B0003E312C /* GradientButton.swift in Sources */,
				6385A3032B3C652E00E41403 /* Clock.swift in Sources */,
				6389C3B72B05240B001C156F /* Like.swift in Sources */,
				6389C3FD2B05422B001C156F /* OffsetKey.swift in Sources */,
				6389C3B52B052268001C156F /* Reel.swift in Sources */,
				637D3FC22B36D5B000640143 /* ThemeChangeView.swift in Sources */,
				638C45F72AF7C4D6003E312C /* ContentView1.swift in Sources */,
				637D3F912B31532F00640143 /* Badge.swift in Sources */,
				638C45D22AF7C459003E312C /* ComponentsApp.swift in Sources */,
				6389C3BB2B0527F9001C156F /* ReelView.swift in Sources */,
				6312B3BE2AF7C91700BCB516 /* ForgotPassword.swift in Sources */,
				6312B3C92AF9095900BCB516 /* Expense.swift in Sources */,
				637D3F8D2B3152E300640143 /* BadgeSymbol.swift in Sources */,
				6312B3C22AF7CDE000BCB516 /* OTPView.swift in Sources */,
				637D3F892B3151B700640143 /* BadgeBackground.swift in Sources */,
				638C45EE2AF7C4BA003E312C /* View+Extensions.swift in Sources */,
				6389C3B92B052466001C156F /* Main.swift in Sources */,
				638C45EB2AF7C4B0003E312C /* Login.swift in Sources */,
				6312B3C02AF7CC4900BCB516 /* PasswordResetView.swift in Sources */,
			);
			runOnlyForDeploymentPostprocessing = 0;
		};
/* End PBXSourcesBuildPhase section */

/* Begin XCBuildConfiguration section */
		638C45DA2AF7C45B003E312C /* Debug */ = {
			isa = XCBuildConfiguration;
			buildSettings = {
				ALWAYS_SEARCH_USER_PATHS = NO;
				ASSETCATALOG_COMPILER_GENERATE_SWIFT_ASSET_SYMBOL_EXTENSIONS = YES;
				CLANG_ANALYZER_NONNULL = YES;
				CLANG_ANALYZER_NUMBER_OBJECT_CONVERSION = YES_AGGRESSIVE;
				CLANG_CXX_LANGUAGE_STANDARD = "gnu++20";
				CLANG_ENABLE_MODULES = YES;
				CLANG_ENABLE_OBJC_ARC = YES;
				CLANG_ENABLE_OBJC_WEAK = YES;
				CLANG_WARN_BLOCK_CAPTURE_AUTORELEASING = YES;
				CLANG_WARN_BOOL_CONVERSION = YES;
				CLANG_WARN_COMMA = YES;
				CLANG_WARN_CONSTANT_CONVERSION = YES;
				CLANG_WARN_DEPRECATED_OBJC_IMPLEMENTATIONS = YES;
				CLANG_WARN_DIRECT_OBJC_ISA_USAGE = YES_ERROR;
				CLANG_WARN_DOCUMENTATION_COMMENTS = YES;
				CLANG_WARN_EMPTY_BODY = YES;
				CLANG_WARN_ENUM_CONVERSION = YES;
				CLANG_WARN_INFINITE_RECURSION = YES;
				CLANG_WARN_INT_CONVERSION = YES;
				CLANG_WARN_NON_LITERAL_NULL_CONVERSION = YES;
				CLANG_WARN_OBJC_IMPLICIT_RETAIN_SELF = YES;
				CLANG_WARN_OBJC_LITERAL_CONVERSION = YES;
				CLANG_WARN_OBJC_ROOT_CLASS = YES_ERROR;
				CLANG_WARN_QUOTED_INCLUDE_IN_FRAMEWORK_HEADER = YES;
				CLANG_WARN_RANGE_LOOP_ANALYSIS = YES;
				CLANG_WARN_STRICT_PROTOTYPES = YES;
				CLANG_WARN_SUSPICIOUS_MOVE = YES;
				CLANG_WARN_UNGUARDED_AVAILABILITY = YES_AGGRESSIVE;
				CLANG_WARN_UNREACHABLE_CODE = YES;
				CLANG_WARN__DUPLICATE_METHOD_MATCH = YES;
				COPY_PHASE_STRIP = NO;
				DEBUG_INFORMATION_FORMAT = dwarf;
				ENABLE_STRICT_OBJC_MSGSEND = YES;
				ENABLE_TESTABILITY = YES;
				ENABLE_USER_SCRIPT_SANDBOXING = YES;
				GCC_C_LANGUAGE_STANDARD = gnu17;
				GCC_DYNAMIC_NO_PIC = NO;
				GCC_NO_COMMON_BLOCKS = YES;
				GCC_OPTIMIZATION_LEVEL = 0;
				GCC_PREPROCESSOR_DEFINITIONS = (
					"DEBUG=1",
					"$(inherited)",
				);
				GCC_WARN_64_TO_32_BIT_CONVERSION = YES;
				GCC_WARN_ABOUT_RETURN_TYPE = YES_ERROR;
				GCC_WARN_UNDECLARED_SELECTOR = YES;
				GCC_WARN_UNINITIALIZED_AUTOS = YES_AGGRESSIVE;
				GCC_WARN_UNUSED_FUNCTION = YES;
				GCC_WARN_UNUSED_VARIABLE = YES;
				IPHONEOS_DEPLOYMENT_TARGET = 17.0;
				LOCALIZATION_PREFERS_STRING_CATALOGS = YES;
				MTL_ENABLE_DEBUG_INFO = INCLUDE_SOURCE;
				MTL_FAST_MATH = YES;
				ONLY_ACTIVE_ARCH = YES;
				SDKROOT = iphoneos;
				SWIFT_ACTIVE_COMPILATION_CONDITIONS = "DEBUG $(inherited)";
				SWIFT_OPTIMIZATION_LEVEL = "-Onone";
			};
			name = Debug;
		};
		638C45DB2AF7C45B003E312C /* Release */ = {
			isa = XCBuildConfiguration;
			buildSettings = {
				ALWAYS_SEARCH_USER_PATHS = NO;
				ASSETCATALOG_COMPILER_GENERATE_SWIFT_ASSET_SYMBOL_EXTENSIONS = YES;
				CLANG_ANALYZER_NONNULL = YES;
				CLANG_ANALYZER_NUMBER_OBJECT_CONVERSION = YES_AGGRESSIVE;
				CLANG_CXX_LANGUAGE_STANDARD = "gnu++20";
				CLANG_ENABLE_MODULES = YES;
				CLANG_ENABLE_OBJC_ARC = YES;
				CLANG_ENABLE_OBJC_WEAK = YES;
				CLANG_WARN_BLOCK_CAPTURE_AUTORELEASING = YES;
				CLANG_WARN_BOOL_CONVERSION = YES;
				CLANG_WARN_COMMA = YES;
				CLANG_WARN_CONSTANT_CONVERSION = YES;
				CLANG_WARN_DEPRECATED_OBJC_IMPLEMENTATIONS = YES;
				CLANG_WARN_DIRECT_OBJC_ISA_USAGE = YES_ERROR;
				CLANG_WARN_DOCUMENTATION_COMMENTS = YES;
				CLANG_WARN_EMPTY_BODY = YES;
				CLANG_WARN_ENUM_CONVERSION = YES;
				CLANG_WARN_INFINITE_RECURSION = YES;
				CLANG_WARN_INT_CONVERSION = YES;
				CLANG_WARN_NON_LITERAL_NULL_CONVERSION = YES;
				CLANG_WARN_OBJC_IMPLICIT_RETAIN_SELF = YES;
				CLANG_WARN_OBJC_LITERAL_CONVERSION = YES;
				CLANG_WARN_OBJC_ROOT_CLASS = YES_ERROR;
				CLANG_WARN_QUOTED_INCLUDE_IN_FRAMEWORK_HEADER = YES;
				CLANG_WARN_RANGE_LOOP_ANALYSIS = YES;
				CLANG_WARN_STRICT_PROTOTYPES = YES;
				CLANG_WARN_SUSPICIOUS_MOVE = YES;
				CLANG_WARN_UNGUARDED_AVAILABILITY = YES_AGGRESSIVE;
				CLANG_WARN_UNREACHABLE_CODE = YES;
				CLANG_WARN__DUPLICATE_METHOD_MATCH = YES;
				COPY_PHASE_STRIP = NO;
				DEBUG_INFORMATION_FORMAT = "dwarf-with-dsym";
				ENABLE_NS_ASSERTIONS = NO;
				ENABLE_STRICT_OBJC_MSGSEND = YES;
				ENABLE_USER_SCRIPT_SANDBOXING = YES;
				GCC_C_LANGUAGE_STANDARD = gnu17;
				GCC_NO_COMMON_BLOCKS = YES;
				GCC_WARN_64_TO_32_BIT_CONVERSION = YES;
				GCC_WARN_ABOUT_RETURN_TYPE = YES_ERROR;
				GCC_WARN_UNDECLARED_SELECTOR = YES;
				GCC_WARN_UNINITIALIZED_AUTOS = YES_AGGRESSIVE;
				GCC_WARN_UNUSED_FUNCTION = YES;
				GCC_WARN_UNUSED_VARIABLE = YES;
				IPHONEOS_DEPLOYMENT_TARGET = 17.0;
				LOCALIZATION_PREFERS_STRING_CATALOGS = YES;
				MTL_ENABLE_DEBUG_INFO = NO;
				MTL_FAST_MATH = YES;
				SDKROOT = iphoneos;
				SWIFT_COMPILATION_MODE = wholemodule;
				VALIDATE_PRODUCT = YES;
			};
			name = Release;
		};
		638C45DD2AF7C45B003E312C /* Debug */ = {
			isa = XCBuildConfiguration;
			buildSettings = {
				ASSETCATALOG_COMPILER_APPICON_NAME = AppIcon;
				ASSETCATALOG_COMPILER_GLOBAL_ACCENT_COLOR_NAME = AccentColor;
				CODE_SIGN_STYLE = Automatic;
				CURRENT_PROJECT_VERSION = 1;
				DEVELOPMENT_ASSET_PATHS = "\"Components/Preview Content\"";
				DEVELOPMENT_TEAM = ND6356Y385;
				ENABLE_PREVIEWS = YES;
				GENERATE_INFOPLIST_FILE = YES;
				INFOPLIST_KEY_UIApplicationSceneManifest_Generation = YES;
				INFOPLIST_KEY_UIApplicationSupportsIndirectInputEvents = YES;
				INFOPLIST_KEY_UILaunchScreen_Generation = YES;
				INFOPLIST_KEY_UISupportedInterfaceOrientations_iPad = "UIInterfaceOrientationPortrait UIInterfaceOrientationPortraitUpsideDown UIInterfaceOrientationLandscapeLeft UIInterfaceOrientationLandscapeRight";
				INFOPLIST_KEY_UISupportedInterfaceOrientations_iPhone = "UIInterfaceOrientationPortrait UIInterfaceOrientationLandscapeLeft UIInterfaceOrientationLandscapeRight";
				LD_RUNPATH_SEARCH_PATHS = (
					"$(inherited)",
					"@executable_path/Frameworks",
				);
				MARKETING_VERSION = 1.0;
				PRODUCT_BUNDLE_IDENTIFIER = com.cw.Components;
				PRODUCT_NAME = "$(TARGET_NAME)";
				SWIFT_EMIT_LOC_STRINGS = YES;
				SWIFT_VERSION = 5.0;
				TARGETED_DEVICE_FAMILY = "1,2";
			};
			name = Debug;
		};
		638C45DE2AF7C45B003E312C /* Release */ = {
			isa = XCBuildConfiguration;
			buildSettings = {
				ASSETCATALOG_COMPILER_APPICON_NAME = AppIcon;
				ASSETCATALOG_COMPILER_GLOBAL_ACCENT_COLOR_NAME = AccentColor;
				CODE_SIGN_STYLE = Automatic;
				CURRENT_PROJECT_VERSION = 1;
				DEVELOPMENT_ASSET_PATHS = "\"Components/Preview Content\"";
				DEVELOPMENT_TEAM = ND6356Y385;
				ENABLE_PREVIEWS = YES;
				GENERATE_INFOPLIST_FILE = YES;
				INFOPLIST_KEY_UIApplicationSceneManifest_Generation = YES;
				INFOPLIST_KEY_UIApplicationSupportsIndirectInputEvents = YES;
				INFOPLIST_KEY_UILaunchScreen_Generation = YES;
				INFOPLIST_KEY_UISupportedInterfaceOrientations_iPad = "UIInterfaceOrientationPortrait UIInterfaceOrientationPortraitUpsideDown UIInterfaceOrientationLandscapeLeft UIInterfaceOrientationLandscapeRight";
				INFOPLIST_KEY_UISupportedInterfaceOrientations_iPhone = "UIInterfaceOrientationPortrait UIInterfaceOrientationLandscapeLeft UIInterfaceOrientationLandscapeRight";
				LD_RUNPATH_SEARCH_PATHS = (
					"$(inherited)",
					"@executable_path/Frameworks",
				);
				MARKETING_VERSION = 1.0;
				PRODUCT_BUNDLE_IDENTIFIER = com.cw.Components;
				PRODUCT_NAME = "$(TARGET_NAME)";
				SWIFT_EMIT_LOC_STRINGS = YES;
				SWIFT_VERSION = 5.0;
				TARGETED_DEVICE_FAMILY = "1,2";
			};
			name = Release;
		};
/* End XCBuildConfiguration section */

/* Begin XCConfigurationList section */
		638C45C92AF7C459003E312C /* Build configuration list for PBXProject "Components" */ = {
			isa = XCConfigurationList;
			buildConfigurations = (
				638C45DA2AF7C45B003E312C /* Debug */,
				638C45DB2AF7C45B003E312C /* Release */,
			);
			defaultConfigurationIsVisible = 0;
			defaultConfigurationName = Release;
		};
		638C45DC2AF7C45B003E312C /* Build configuration list for PBXNativeTarget "Components" */ = {
			isa = XCConfigurationList;
			buildConfigurations = (
				638C45DD2AF7C45B003E312C /* Debug */,
				638C45DE2AF7C45B003E312C /* Release */,
			);
			defaultConfigurationIsVisible = 0;
			defaultConfigurationName = Release;
		};
/* End XCConfigurationList section */
	};
	rootObject = 638C45C62AF7C459003E312C /* Project object */;
}
